
Microsoft Visual Studio Solution File, Format Version 12.00
# Visual Studio Version 16
VisualStudioVersion = 16.0.28803.916
MinimumVisualStudioVersion = 10.0.40219.1
Project("{FAE04EC0-301F-11D3-BF4B-00C04F79EFBC}") = "WindowsFormsApp1", "WindowsFormsApp1\WindowsFormsApp1.csproj", "{7741B2E9-AE37-45B1-8B82-30BF823E6AFE}"
EndProject
Global
	GlobalSection(SolutionConfigurationPlatforms) = preSolution
		Debug|Any CPU = Debug|Any CPU
		Release|Any CPU = Release|Any CPU
	EndGlobalSection
	GlobalSection(ProjectConfigurationPlatforms) = postSolution
		{7741B2E9-AE37-45B1-8B82-30BF823E6AFE}.Debug|Any CPU.ActiveCfg = Debug|Any CPU
		{7741B2E9-AE37-45B1-8B82-30BF823E6AFE}.Debug|Any CPU.Build.0 = Debug|Any CPU
		{7741B2E9-AE37-45B1-8B82-30BF823E6AFE}.Release|Any CPU.ActiveCfg = Release|Any CPU
		{7741B2E9-AE37-45B1-8B82-30BF823E6AFE}.Release|Any CPU.Build.0 = Release|Any CPU
	EndGlobalSection
	GlobalSection(SolutionProperties) = preSolution
		HideSolutionNode = FALSE
	EndGlobalSection
	GlobalSection(ExtensibilityGlobals) = postSolution
		SolutionGuid = {2C35B20F-3785-4568-973C-F54D6353284D}
	EndGlobalSection
EndGlobal
